
Microsoft Visual Studio Solution File, Format Version 12.00
# Visual Studio 15
VisualStudioVersion = 15.0.26124.0
MinimumVisualStudioVersion = 15.0.26124.0
Project("{FAE04EC0-301F-11D3-BF4B-00C04F79EFBC}") = "src", "src\src.csproj", "{3A7652CC-90FB-4BC3-BA75-956A83887975}"
EndProject
Project("{FAE04EC0-301F-11D3-BF4B-00C04F79EFBC}") = "test", "test\test.csproj", "{B8C46F63-870B-42CB-8836-13E6EA2984C5}"
EndProject
Global
	GlobalSection(SolutionConfigurationPlatforms) = preSolution
		Debug|Any CPU = Debug|Any CPU
		Debug|x64 = Debug|x64
		Debug|x86 = Debug|x86
		Release|Any CPU = Release|Any CPU
		Release|x64 = Release|x64
		Release|x86 = Release|x86
	EndGlobalSection
	GlobalSection(SolutionProperties) = preSolution
		HideSolutionNode = FALSE
	EndGlobalSection
	GlobalSection(ProjectConfigurationPlatforms) = postSolution
		{3A7652CC-90FB-4BC3-BA75-956A83887975}.Debug|Any CPU.ActiveCfg = Debug|Any CPU
		{3A7652CC-90FB-4BC3-BA75-956A83887975}.Debug|Any CPU.Build.0 = Debug|Any CPU
		{3A7652CC-90FB-4BC3-BA75-956A83887975}.Debug|x64.ActiveCfg = Debug|Any CPU
		{3A7652CC-90FB-4BC3-BA75-956A83887975}.Debug|x64.Build.0 = Debug|Any CPU
		{3A7652CC-90FB-4BC3-BA75-956A83887975}.Debug|x86.ActiveCfg = Debug|Any CPU
		{3A7652CC-90FB-4BC3-BA75-956A83887975}.Debug|x86.Build.0 = Debug|Any CPU
		{3A7652CC-90FB-4BC3-BA75-956A83887975}.Release|Any CPU.ActiveCfg = Release|Any CPU
		{3A7652CC-90FB-4BC3-BA75-956A83887975}.Release|Any CPU.Build.0 = Release|Any CPU
		{3A7652CC-90FB-4BC3-BA75-956A83887975}.Release|x64.ActiveCfg = Release|Any CPU
		{3A7652CC-90FB-4BC3-BA75-956A83887975}.Release|x64.Build.0 = Release|Any CPU
		{3A7652CC-90FB-4BC3-BA75-956A83887975}.Release|x86.ActiveCfg = Release|Any CPU
		{3A7652CC-90FB-4BC3-BA75-956A83887975}.Release|x86.Build.0 = Release|Any CPU
		{B8C46F63-870B-42CB-8836-13E6EA2984C5}.Debug|Any CPU.ActiveCfg = Debug|Any CPU
		{B8C46F63-870B-42CB-8836-13E6EA2984C5}.Debug|Any CPU.Build.0 = Debug|Any CPU
		{B8C46F63-870B-42CB-8836-13E6EA2984C5}.Debug|x64.ActiveCfg = Debug|Any CPU
		{B8C46F63-870B-42CB-8836-13E6EA2984C5}.Debug|x64.Build.0 = Debug|Any CPU
		{B8C46F63-870B-42CB-8836-13E6EA2984C5}.Debug|x86.ActiveCfg = Debug|Any CPU
		{B8C46F63-870B-42CB-8836-13E6EA2984C5}.Debug|x86.Build.0 = Debug|Any CPU
		{B8C46F63-870B-42CB-8836-13E6EA2984C5}.Release|Any CPU.ActiveCfg = Release|Any CPU
		{B8C46F63-870B-42CB-8836-13E6EA2984C5}.Release|Any CPU.Build.0 = Release|Any CPU
		{B8C46F63-870B-42CB-8836-13E6EA2984C5}.Release|x64.ActiveCfg = Release|Any CPU
		{B8C46F63-870B-42CB-8836-13E6EA2984C5}.Release|x64.Build.0 = Release|Any CPU
		{B8C46F63-870B-42CB-8836-13E6EA2984C5}.Release|x86.ActiveCfg = Release|Any CPU
		{B8C46F63-870B-42CB-8836-13E6EA2984C5}.Release|x86.Build.0 = Release|Any CPU
	EndGlobalSection
EndGlobal
